
Microsoft Visual Studio Solution File, Format Version 12.00
# Visual Studio Version 17
VisualStudioVersion = 17.5.33424.131
MinimumVisualStudioVersion = 10.0.40219.1
Project("{FAE04EC0-301F-11D3-BF4B-00C04F79EFBC}") = "yogi", "yogi\yogi.csproj", "{E0792A61-DB3E-44D1-AC0F-EB2CBBD094AD}"
EndProject
Global
	GlobalSection(SolutionConfigurationPlatforms) = preSolution
		Debug|Any CPU = Debug|Any CPU
		Release|Any CPU = Release|Any CPU
	EndGlobalSection
	GlobalSection(ProjectConfigurationPlatforms) = postSolution
		{E0792A61-DB3E-44D1-AC0F-EB2CBBD094AD}.Debug|Any CPU.ActiveCfg = Debug|Any CPU
		{E0792A61-DB3E-44D1-AC0F-EB2CBBD094AD}.Debug|Any CPU.Build.0 = Debug|Any CPU
		{E0792A61-DB3E-44D1-AC0F-EB2CBBD094AD}.Release|Any CPU.ActiveCfg = Release|Any CPU
		{E0792A61-DB3E-44D1-AC0F-EB2CBBD094AD}.Release|Any CPU.Build.0 = Release|Any CPU
	EndGlobalSection
	GlobalSection(SolutionProperties) = preSolution
		HideSolutionNode = FALSE
	EndGlobalSection
	GlobalSection(ExtensibilityGlobals) = postSolution
		SolutionGuid = {13541C54-0240-45FA-8A07-7B2A604B289A}
	EndGlobalSection
EndGlobal
